
Microsoft Visual Studio Solution File, Format Version 11.00
# Visual Studio 2010
# SharpDevelop 5.0
Project("{5CA20FAC-3AC0-4820-A170-1999C2F74202}") = "SheetCopier.Installer", "SheetCopier.Installer.wixproj", "{2558FF8E-EB0A-4687-9CF1-C6FCEAC47E9D}"
EndProject
Global
	GlobalSection(SolutionConfigurationPlatforms) = preSolution
		Debug|Any CPU = Debug|Any CPU
		Release|Any CPU = Release|Any CPU
	EndGlobalSection
	GlobalSection(ProjectConfigurationPlatforms) = postSolution
		{2558FF8E-EB0A-4687-9CF1-C6FCEAC47E9D}.Debug|Any CPU.ActiveCfg = Debug|x64
		{2558FF8E-EB0A-4687-9CF1-C6FCEAC47E9D}.Debug|Any CPU.Build.0 = Debug|x64
		{2558FF8E-EB0A-4687-9CF1-C6FCEAC47E9D}.Release|Any CPU.ActiveCfg = Release|x64
		{2558FF8E-EB0A-4687-9CF1-C6FCEAC47E9D}.Release|Any CPU.Build.0 = Release|x64
	EndGlobalSection
EndGlobal
