
Microsoft Visual Studio Solution File, Format Version 12.00
# Visual Studio 2012
# SharpDevelop 5.1
VisualStudioVersion = 12.0.20827.3
MinimumVisualStudioVersion = 10.0.40219.1
Project("{FAE04EC0-301F-11D3-BF4B-00C04F79EFBC}") = "SCaddins", "SCaddins.csproj", "{AD62F888-78A1-4E0B-9820-5989630FC8C6}"
EndProject
Project("{FAE04EC0-301F-11D3-BF4B-00C04F79EFBC}") = "AngleOfSun", "src\SCaos\AngleOfSun.csproj", "{E1D3578F-9F23-4B9B-AEE2-248116EC3098}"
EndProject
Project("{FAE04EC0-301F-11D3-BF4B-00C04F79EFBC}") = "SheetCopier", "src\SCopy\SheetCopier.csproj", "{D59681E5-7C94-4E0E-9B10-744B84F12789}"
EndProject
Global
	GlobalSection(SolutionConfigurationPlatforms) = preSolution
		Release2016|x64 = Release2016|x64
		Debug|x64 = Debug|x64
		Release2015|x64 = Release2015|x64
		Release2014|x64 = Release2014|x64
		Release2017|x64 = Release2017|x64
	EndGlobalSection
	GlobalSection(ProjectConfigurationPlatforms) = postSolution
		{AD62F888-78A1-4E0B-9820-5989630FC8C6}.Release2016|x64.ActiveCfg = Release2016|x64
		{AD62F888-78A1-4E0B-9820-5989630FC8C6}.Release2016|x64.Build.0 = Release2016|x64
		{AD62F888-78A1-4E0B-9820-5989630FC8C6}.Debug|x64.ActiveCfg = Debug|x64
		{AD62F888-78A1-4E0B-9820-5989630FC8C6}.Debug|x64.Build.0 = Debug|x64
		{AD62F888-78A1-4E0B-9820-5989630FC8C6}.Release2015|x64.ActiveCfg = Release2015|x64
		{AD62F888-78A1-4E0B-9820-5989630FC8C6}.Release2015|x64.Build.0 = Release2015|x64
		{AD62F888-78A1-4E0B-9820-5989630FC8C6}.Release2014|x64.ActiveCfg = Release2014|x64
		{AD62F888-78A1-4E0B-9820-5989630FC8C6}.Release2014|x64.Build.0 = Release2014|x64
		{AD62F888-78A1-4E0B-9820-5989630FC8C6}.Release2017|x64.ActiveCfg = Release2017|x64
		{AD62F888-78A1-4E0B-9820-5989630FC8C6}.Release2017|x64.Build.0 = Release2017|x64
		{E1D3578F-9F23-4B9B-AEE2-248116EC3098}.Release2016|x64.ActiveCfg = Release2016|x64
		{E1D3578F-9F23-4B9B-AEE2-248116EC3098}.Release2016|x64.Build.0 = Release2016|x64
		{E1D3578F-9F23-4B9B-AEE2-248116EC3098}.Debug|x64.ActiveCfg = Debug|x64
		{E1D3578F-9F23-4B9B-AEE2-248116EC3098}.Debug|x64.Build.0 = Debug|x64
		{E1D3578F-9F23-4B9B-AEE2-248116EC3098}.Release2015|x64.ActiveCfg = Release2015|x64
		{E1D3578F-9F23-4B9B-AEE2-248116EC3098}.Release2015|x64.Build.0 = Release2015|x64
		{E1D3578F-9F23-4B9B-AEE2-248116EC3098}.Release2014|x64.ActiveCfg = Release2014|x64
		{E1D3578F-9F23-4B9B-AEE2-248116EC3098}.Release2014|x64.Build.0 = Release2014|x64
		{E1D3578F-9F23-4B9B-AEE2-248116EC3098}.Release2017|x64.ActiveCfg = Release2017|x64
		{E1D3578F-9F23-4B9B-AEE2-248116EC3098}.Release2017|x64.Build.0 = Release2017|x64
		{D59681E5-7C94-4E0E-9B10-744B84F12789}.Release2016|x64.ActiveCfg = Release2016|x64
		{D59681E5-7C94-4E0E-9B10-744B84F12789}.Release2016|x64.Build.0 = Release2016|x64
		{D59681E5-7C94-4E0E-9B10-744B84F12789}.Debug|x64.ActiveCfg = Debug|x64
		{D59681E5-7C94-4E0E-9B10-744B84F12789}.Debug|x64.Build.0 = Debug|x64
		{D59681E5-7C94-4E0E-9B10-744B84F12789}.Release2015|x64.ActiveCfg = Release2015|x64
		{D59681E5-7C94-4E0E-9B10-744B84F12789}.Release2015|x64.Build.0 = Release2015|x64
		{D59681E5-7C94-4E0E-9B10-744B84F12789}.Release2014|x64.ActiveCfg = Release2014|x64
		{D59681E5-7C94-4E0E-9B10-744B84F12789}.Release2014|x64.Build.0 = Release2014|x64
		{D59681E5-7C94-4E0E-9B10-744B84F12789}.Release2017|x64.ActiveCfg = Release2017|x64
		{D59681E5-7C94-4E0E-9B10-744B84F12789}.Release2017|x64.Build.0 = Release2017|x64
	EndGlobalSection
EndGlobal
