
Microsoft Visual Studio Solution File, Format Version 12.00
# Visual Studio 2012
# SharpDevelop 5.1
VisualStudioVersion = 12.0.20827.3
MinimumVisualStudioVersion = 10.0.40219.1
Project("{FAE04EC0-301F-11D3-BF4B-00C04F79EFBC}") = "SCaddins", "SCAddins.csproj", "{AD62F888-78A1-4E0B-9820-5989630FC8C6}"
EndProject
Project("{FAE04EC0-301F-11D3-BF4B-00C04F79EFBC}") = "SCaddins.Tests", "tests\SCaddins.Tests\SCaddins.Tests.csproj", "{C5662576-D7F1-4FA1-AE89-2B96914B1111}"
EndProject
Global
	GlobalSection(SolutionConfigurationPlatforms) = preSolution
		Debug|x64 = Debug|x64
		Debug|Any CPU = Debug|Any CPU
		Release2015|x64 = Release2015|x64
		Release2015|Any CPU = Release2015|Any CPU
		Release2014|x64 = Release2014|x64
		Release2014|Any CPU = Release2014|Any CPU
		Release2016|x64 = Release2016|x64
		Release2016|Any CPU = Release2016|Any CPU
	EndGlobalSection
	GlobalSection(ProjectConfigurationPlatforms) = postSolution
		{AD62F888-78A1-4E0B-9820-5989630FC8C6}.Debug|x64.ActiveCfg = Debug|x64
		{AD62F888-78A1-4E0B-9820-5989630FC8C6}.Debug|x64.Build.0 = Debug|x64
		{AD62F888-78A1-4E0B-9820-5989630FC8C6}.Debug|Any CPU.ActiveCfg = Debug|Any
		{AD62F888-78A1-4E0B-9820-5989630FC8C6}.Debug|Any CPU.Build.0 = Debug|Any
		{AD62F888-78A1-4E0B-9820-5989630FC8C6}.Release2015|x64.ActiveCfg = Release2015|x64
		{AD62F888-78A1-4E0B-9820-5989630FC8C6}.Release2015|x64.Build.0 = Release2015|x64
		{AD62F888-78A1-4E0B-9820-5989630FC8C6}.Release2015|Any CPU.ActiveCfg = Release2015|Any
		{AD62F888-78A1-4E0B-9820-5989630FC8C6}.Release2015|Any CPU.Build.0 = Release2015|Any
		{AD62F888-78A1-4E0B-9820-5989630FC8C6}.Release2014|x64.ActiveCfg = Release2014|x64
		{AD62F888-78A1-4E0B-9820-5989630FC8C6}.Release2014|x64.Build.0 = Release2014|x64
		{AD62F888-78A1-4E0B-9820-5989630FC8C6}.Release2014|Any CPU.ActiveCfg = Release2014|Any
		{AD62F888-78A1-4E0B-9820-5989630FC8C6}.Release2014|Any CPU.Build.0 = Release2014|Any
		{AD62F888-78A1-4E0B-9820-5989630FC8C6}.Release2016|x64.ActiveCfg = Release2016|x64
		{AD62F888-78A1-4E0B-9820-5989630FC8C6}.Release2016|x64.Build.0 = Release2016|x64
		{AD62F888-78A1-4E0B-9820-5989630FC8C6}.Release2016|Any CPU.ActiveCfg = Release2016|Any
		{AD62F888-78A1-4E0B-9820-5989630FC8C6}.Release2016|Any CPU.Build.0 = Release2016|Any
		{C5662576-D7F1-4FA1-AE89-2B96914B1111}.Debug|x64.ActiveCfg = Debug|x64
		{C5662576-D7F1-4FA1-AE89-2B96914B1111}.Debug|x64.Build.0 = Debug|x64
		{C5662576-D7F1-4FA1-AE89-2B96914B1111}.Debug|Any CPU.ActiveCfg = Debug|Any CPU
		{C5662576-D7F1-4FA1-AE89-2B96914B1111}.Debug|Any CPU.Build.0 = Debug|Any CPU
		{C5662576-D7F1-4FA1-AE89-2B96914B1111}.Release2015|x64.ActiveCfg = Release2015|x64
		{C5662576-D7F1-4FA1-AE89-2B96914B1111}.Release2015|x64.Build.0 = Release2015|x64
		{C5662576-D7F1-4FA1-AE89-2B96914B1111}.Release2015|Any CPU.ActiveCfg = Release2015|Any CPU
		{C5662576-D7F1-4FA1-AE89-2B96914B1111}.Release2015|Any CPU.Build.0 = Release2015|Any CPU
		{C5662576-D7F1-4FA1-AE89-2B96914B1111}.Release2014|x64.ActiveCfg = Release2014|x64
		{C5662576-D7F1-4FA1-AE89-2B96914B1111}.Release2014|x64.Build.0 = Release2014|x64
		{C5662576-D7F1-4FA1-AE89-2B96914B1111}.Release2014|Any CPU.ActiveCfg = Release2014|Any CPU
		{C5662576-D7F1-4FA1-AE89-2B96914B1111}.Release2014|Any CPU.Build.0 = Release2014|Any CPU
		{C5662576-D7F1-4FA1-AE89-2B96914B1111}.Release2016|x64.ActiveCfg = Release2016|x64
		{C5662576-D7F1-4FA1-AE89-2B96914B1111}.Release2016|x64.Build.0 = Release2016|x64
		{C5662576-D7F1-4FA1-AE89-2B96914B1111}.Release2016|Any CPU.ActiveCfg = Release2016|Any CPU
		{C5662576-D7F1-4FA1-AE89-2B96914B1111}.Release2016|Any CPU.Build.0 = Release2016|Any CPU
	EndGlobalSection
EndGlobal
