
Microsoft Visual Studio Solution File, Format Version 12.00
# Visual Studio 15
VisualStudioVersion = 15.0.28010.2041
MinimumVisualStudioVersion = 10.0.40219.1
Project("{FAE04EC0-301F-11D3-BF4B-00C04F79EFBC}") = "SCaddins", "SCaddins.csproj", "{AD62F888-78A1-4E0B-9820-5989630FC8C6}"
EndProject
Project("{FAE04EC0-301F-11D3-BF4B-00C04F79EFBC}") = "SCaddins.Tests", "..\tests\SCaddins.Tests.csproj", "{22A609B0-CB03-4413-AEF8-9171E3BE980A}"
EndProject
Global
	GlobalSection(SolutionConfigurationPlatforms) = preSolution
		Debug|Any CPU = Debug|Any CPU
		Debug|x64 = Debug|x64
		Release|Any CPU = Release|Any CPU
		Release|x64 = Release|x64
		Release2016|Any CPU = Release2016|Any CPU
		Release2016|x64 = Release2016|x64
		Release2017|Any CPU = Release2017|Any CPU
		Release2017|x64 = Release2017|x64
		Release2018|Any CPU = Release2018|Any CPU
		Release2018|x64 = Release2018|x64
		Release2019|Any CPU = Release2019|Any CPU
		Release2019|x64 = Release2019|x64
		Release2020|Any CPU = Release2020|Any CPU
		Release2020|x64 = Release2020|x64
	EndGlobalSection
	GlobalSection(ProjectConfigurationPlatforms) = postSolution
		{AD62F888-78A1-4E0B-9820-5989630FC8C6}.Debug|Any CPU.ActiveCfg = Debug|x64
		{AD62F888-78A1-4E0B-9820-5989630FC8C6}.Debug|Any CPU.Build.0 = Debug|x64
		{AD62F888-78A1-4E0B-9820-5989630FC8C6}.Debug|x64.ActiveCfg = Debug|x64
		{AD62F888-78A1-4E0B-9820-5989630FC8C6}.Debug|x64.Build.0 = Debug|x64
		{AD62F888-78A1-4E0B-9820-5989630FC8C6}.Release|Any CPU.ActiveCfg = Release2019|x64
		{AD62F888-78A1-4E0B-9820-5989630FC8C6}.Release|Any CPU.Build.0 = Release2019|x64
		{AD62F888-78A1-4E0B-9820-5989630FC8C6}.Release|x64.ActiveCfg = Release2019|x64
		{AD62F888-78A1-4E0B-9820-5989630FC8C6}.Release|x64.Build.0 = Release2019|x64
		{AD62F888-78A1-4E0B-9820-5989630FC8C6}.Release2016|Any CPU.ActiveCfg = Release2016|x64
		{AD62F888-78A1-4E0B-9820-5989630FC8C6}.Release2016|Any CPU.Build.0 = Release2016|x64
		{AD62F888-78A1-4E0B-9820-5989630FC8C6}.Release2016|x64.ActiveCfg = Release2016|x64
		{AD62F888-78A1-4E0B-9820-5989630FC8C6}.Release2016|x64.Build.0 = Release2016|x64
		{AD62F888-78A1-4E0B-9820-5989630FC8C6}.Release2017|Any CPU.ActiveCfg = Release2017|x64
		{AD62F888-78A1-4E0B-9820-5989630FC8C6}.Release2017|Any CPU.Build.0 = Release2017|x64
		{AD62F888-78A1-4E0B-9820-5989630FC8C6}.Release2017|x64.ActiveCfg = Release2017|x64
		{AD62F888-78A1-4E0B-9820-5989630FC8C6}.Release2017|x64.Build.0 = Release2017|x64
		{AD62F888-78A1-4E0B-9820-5989630FC8C6}.Release2018|Any CPU.ActiveCfg = Release2018|x64
		{AD62F888-78A1-4E0B-9820-5989630FC8C6}.Release2018|Any CPU.Build.0 = Release2018|x64
		{AD62F888-78A1-4E0B-9820-5989630FC8C6}.Release2018|x64.ActiveCfg = Release2018|x64
		{AD62F888-78A1-4E0B-9820-5989630FC8C6}.Release2018|x64.Build.0 = Release2018|x64
		{AD62F888-78A1-4E0B-9820-5989630FC8C6}.Release2019|Any CPU.ActiveCfg = Release2019|x64
		{AD62F888-78A1-4E0B-9820-5989630FC8C6}.Release2019|Any CPU.Build.0 = Release2019|x64
		{AD62F888-78A1-4E0B-9820-5989630FC8C6}.Release2019|x64.ActiveCfg = Release2019|x64
		{AD62F888-78A1-4E0B-9820-5989630FC8C6}.Release2019|x64.Build.0 = Release2019|x64
		{AD62F888-78A1-4E0B-9820-5989630FC8C6}.Release2020|Any CPU.ActiveCfg = Release2020|x64
		{AD62F888-78A1-4E0B-9820-5989630FC8C6}.Release2020|Any CPU.Build.0 = Release2020|x64
		{AD62F888-78A1-4E0B-9820-5989630FC8C6}.Release2020|x64.ActiveCfg = Release2020|x64
		{AD62F888-78A1-4E0B-9820-5989630FC8C6}.Release2020|x64.Build.0 = Release2020|x64
		{22A609B0-CB03-4413-AEF8-9171E3BE980A}.Debug|Any CPU.ActiveCfg = Debug|x64
		{22A609B0-CB03-4413-AEF8-9171E3BE980A}.Debug|x64.ActiveCfg = Debug|x64
		{22A609B0-CB03-4413-AEF8-9171E3BE980A}.Debug|x64.Build.0 = Debug|x64
		{22A609B0-CB03-4413-AEF8-9171E3BE980A}.Release|Any CPU.ActiveCfg = Release2018|x64
		{22A609B0-CB03-4413-AEF8-9171E3BE980A}.Release|x64.ActiveCfg = Release2018|x64
		{22A609B0-CB03-4413-AEF8-9171E3BE980A}.Release|x64.Build.0 = Release2018|x64
		{22A609B0-CB03-4413-AEF8-9171E3BE980A}.Release2016|Any CPU.ActiveCfg = Debug|x64
		{22A609B0-CB03-4413-AEF8-9171E3BE980A}.Release2016|x64.ActiveCfg = Release2019|x64
		{22A609B0-CB03-4413-AEF8-9171E3BE980A}.Release2017|Any CPU.ActiveCfg = Debug|x64
		{22A609B0-CB03-4413-AEF8-9171E3BE980A}.Release2017|x64.ActiveCfg = Release2019|x64
		{22A609B0-CB03-4413-AEF8-9171E3BE980A}.Release2018|Any CPU.ActiveCfg = Release2018|x64
		{22A609B0-CB03-4413-AEF8-9171E3BE980A}.Release2018|x64.ActiveCfg = Release2018|x64
		{22A609B0-CB03-4413-AEF8-9171E3BE980A}.Release2019|Any CPU.ActiveCfg = Release2019|x64
		{22A609B0-CB03-4413-AEF8-9171E3BE980A}.Release2019|x64.ActiveCfg = Release2019|x64
		{22A609B0-CB03-4413-AEF8-9171E3BE980A}.Release2019|x64.Build.0 = Release2019|x64
		{22A609B0-CB03-4413-AEF8-9171E3BE980A}.Release2020|Any CPU.ActiveCfg = Release2019|x64
		{22A609B0-CB03-4413-AEF8-9171E3BE980A}.Release2020|x64.ActiveCfg = Release2019|x64
	EndGlobalSection
	GlobalSection(SolutionProperties) = preSolution
		HideSolutionNode = FALSE
	EndGlobalSection
	GlobalSection(ExtensibilityGlobals) = postSolution
		SolutionGuid = {ED1D0C9E-F76E-41DE-B529-6A5E06749E6F}
	EndGlobalSection
EndGlobal
